
Microsoft Visual Studio Solution File, Format Version 12.00
# Visual Studio 15
Project("{FAE04EC0-301F-11D3-BF4B-00C04F79EFBC}") = "Assembly-CSharp", "Assembly-CSharp.csproj", "{C2098D6B-3629-83DC-1B61-79D5A6063505}"
EndProject
Global
	GlobalSection(SolutionConfigurationPlatforms) = preSolution
		Debug|Any CPU = Debug|Any CPU
		Release|Any CPU = Release|Any CPU
	EndGlobalSection
	GlobalSection(ProjectConfigurationPlatforms) = postSolution
		{C2098D6B-3629-83DC-1B61-79D5A6063505}.Debug|Any CPU.ActiveCfg = Debug|Any CPU
		{C2098D6B-3629-83DC-1B61-79D5A6063505}.Debug|Any CPU.Build.0 = Debug|Any CPU
		{C2098D6B-3629-83DC-1B61-79D5A6063505}.Release|Any CPU.ActiveCfg = Release|Any CPU
		{C2098D6B-3629-83DC-1B61-79D5A6063505}.Release|Any CPU.Build.0 = Release|Any CPU
	EndGlobalSection
	GlobalSection(SolutionProperties) = preSolution
		HideSolutionNode = FALSE
	EndGlobalSection
EndGlobal
